
Microsoft Visual Studio Solution File, Format Version 12.00
# Visual Studio Version 17
VisualStudioVersion = 17.0.31903.59
MinimumVisualStudioVersion = 10.0.40219.1
Project("{FAE04EC0-301F-11D3-BF4B-00C04F79EFBC}") = "AttendanceManagementSystem.Api", "AttendanceManagementSystem.Api\AttendanceManagementSystem.Api.csproj", "{F49ED870-C762-44F8-9379-00474770896B}"
EndProject
Project("{FAE04EC0-301F-11D3-BF4B-00C04F79EFBC}") = "AttendanceManagementSystem.DataAccess", "AttendanceManagementSystem.DataAccess\AttendanceManagementSystem.DataAccess.csproj", "{2ADC8BF2-64AC-4220-B2CD-598DBB237BB8}"
EndProject
Project("{FAE04EC0-301F-11D3-BF4B-00C04F79EFBC}") = "AttendanceManagementSystem.Domain", "AttendanceManagementSystem.Domain\AttendanceManagementSystem.Domain.csproj", "{DB6E9419-96DE-49AE-BD25-4C6A95DB2372}"
EndProject
Project("{FAE04EC0-301F-11D3-BF4B-00C04F79EFBC}") = "AttendanceManagementSystem.Authentication", "AttendanceManagementSystem.Authentication\AttendanceManagementSystem.Authentication.csproj", "{47D9309F-DD70-4D12-BF4B-54EF980B0B2E}"
EndProject
Global
	GlobalSection(SolutionConfigurationPlatforms) = preSolution
		Debug|Any CPU = Debug|Any CPU
		Release|Any CPU = Release|Any CPU
	EndGlobalSection
	GlobalSection(SolutionProperties) = preSolution
		HideSolutionNode = FALSE
	EndGlobalSection
	GlobalSection(ProjectConfigurationPlatforms) = postSolution
		{F49ED870-C762-44F8-9379-00474770896B}.Debug|Any CPU.ActiveCfg = Debug|Any CPU
		{F49ED870-C762-44F8-9379-00474770896B}.Debug|Any CPU.Build.0 = Debug|Any CPU
		{F49ED870-C762-44F8-9379-00474770896B}.Release|Any CPU.ActiveCfg = Release|Any CPU
		{F49ED870-C762-44F8-9379-00474770896B}.Release|Any CPU.Build.0 = Release|Any CPU
		{2ADC8BF2-64AC-4220-B2CD-598DBB237BB8}.Debug|Any CPU.ActiveCfg = Debug|Any CPU
		{2ADC8BF2-64AC-4220-B2CD-598DBB237BB8}.Debug|Any CPU.Build.0 = Debug|Any CPU
		{2ADC8BF2-64AC-4220-B2CD-598DBB237BB8}.Release|Any CPU.ActiveCfg = Release|Any CPU
		{2ADC8BF2-64AC-4220-B2CD-598DBB237BB8}.Release|Any CPU.Build.0 = Release|Any CPU
		{DB6E9419-96DE-49AE-BD25-4C6A95DB2372}.Debug|Any CPU.ActiveCfg = Debug|Any CPU
		{DB6E9419-96DE-49AE-BD25-4C6A95DB2372}.Debug|Any CPU.Build.0 = Debug|Any CPU
		{DB6E9419-96DE-49AE-BD25-4C6A95DB2372}.Release|Any CPU.ActiveCfg = Release|Any CPU
		{DB6E9419-96DE-49AE-BD25-4C6A95DB2372}.Release|Any CPU.Build.0 = Release|Any CPU
		{47D9309F-DD70-4D12-BF4B-54EF980B0B2E}.Debug|Any CPU.ActiveCfg = Debug|Any CPU
		{47D9309F-DD70-4D12-BF4B-54EF980B0B2E}.Debug|Any CPU.Build.0 = Debug|Any CPU
		{47D9309F-DD70-4D12-BF4B-54EF980B0B2E}.Release|Any CPU.ActiveCfg = Release|Any CPU
		{47D9309F-DD70-4D12-BF4B-54EF980B0B2E}.Release|Any CPU.Build.0 = Release|Any CPU
	EndGlobalSection
EndGlobal
